
Microsoft Visual Studio Solution File, Format Version 12.00
# Visual Studio Version 17
VisualStudioVersion = 17.8.34511.84
MinimumVisualStudioVersion = 10.0.40219.1
Project("{9A19103F-16F7-4668-BE54-9A1E7A4F7556}") = "ConsoleApplication", "ConsoleApplication\ConsoleApplication.csproj", "{BF8B592B-47E3-4252-859A-458FC2FB2A02}"
EndProject
Project("{9A19103F-16F7-4668-BE54-9A1E7A4F7556}") = "ConsoleApplication_2", "ConsoleApplication_2\ConsoleApplication_2.csproj", "{E08101F0-FE35-4733-81FD-EE14B1CF6210}"
EndProject
Project("{9A19103F-16F7-4668-BE54-9A1E7A4F7556}") = "Arrays", "Arrays\Arrays.csproj", "{0D000DE8-59E8-4B90-9614-6EE1C75EE226}"
EndProject
Project("{9A19103F-16F7-4668-BE54-9A1E7A4F7556}") = "Loops", "Loops\Loops.csproj", "{07565DDC-6C64-4E70-AD52-A0DCDFAA4397}"
EndProject
Project("{9A19103F-16F7-4668-BE54-9A1E7A4F7556}") = "Strings", "Strings\Strings.csproj", "{27042447-1CA2-4645-836A-D5F1DE2346EC}"
EndProject
Project("{9A19103F-16F7-4668-BE54-9A1E7A4F7556}") = "Classes", "Classes\Classes.csproj", "{69C89468-1D4B-42C0-9500-5CC979F327D4}"
EndProject
Project("{FAE04EC0-301F-11D3-BF4B-00C04F79EFBC}") = "RecapDemo", "RecapDemo\RecapDemo.csproj", "{BBC1D7A3-1605-4683-97F6-567A490139FD}"
EndProject
Project("{9A19103F-16F7-4668-BE54-9A1E7A4F7556}") = "Interfaces", "Interfaces\Interfaces.csproj", "{6C74F921-D046-4C48-B096-3A2809A45965}"
EndProject
Project("{9A19103F-16F7-4668-BE54-9A1E7A4F7556}") = "InterfacesDemo", "InterfacesDemo\InterfacesDemo.csproj", "{11866FDE-BF58-4722-9FDC-5506525012C7}"
EndProject
Project("{9A19103F-16F7-4668-BE54-9A1E7A4F7556}") = "Inheritance", "Inheritance\Inheritance.csproj", "{2B834B5E-1480-4B0B-A08A-CBF2003BAE47}"
EndProject
Project("{FAE04EC0-301F-11D3-BF4B-00C04F79EFBC}") = "VirtualMethods", "10-VirtualMethods\VirtualMethods.csproj", "{50FD1FFD-FFB9-4CD8-8C05-FCD416F9AD34}"
EndProject
Project("{FAE04EC0-301F-11D3-BF4B-00C04F79EFBC}") = "AbstractClasses", "AbstractClasses\AbstractClasses.csproj", "{0D8D4130-7949-4DD3-AC67-55CF6B901BBF}"
EndProject
Project("{FAE04EC0-301F-11D3-BF4B-00C04F79EFBC}") = "RecapDemo2", "RecapDemo2\RecapDemo2.csproj", "{5910C32C-0773-4A24-BFF1-426C6F4EA882}"
EndProject
Project("{FAE04EC0-301F-11D3-BF4B-00C04F79EFBC}") = "AccesModifiers", "AccesModifiers\AccesModifiers.csproj", "{955FCEE4-5968-4074-93B7-D8D063B04C0B}"
EndProject
Project("{FAE04EC0-301F-11D3-BF4B-00C04F79EFBC}") = "AccessModifiersDemo", "14-AccessModifiersDemo\AccessModifiersDemo.csproj", "{6D82A98C-256A-42C6-8717-B8CFF50AFB2D}"
EndProject
Project("{FAE04EC0-301F-11D3-BF4B-00C04F79EFBC}") = "Constructors", "Constructors\Constructors.csproj", "{EC4C748C-6525-4DF2-B7F2-202BCA129EE1}"
EndProject
Project("{FAE04EC0-301F-11D3-BF4B-00C04F79EFBC}") = "ReferenceAndValueType", "ReferenceAndValueType\ReferenceAndValueType.csproj", "{A642615F-AD91-4764-B0E9-C42278FABAD7}"
EndProject
Project("{FAE04EC0-301F-11D3-BF4B-00C04F79EFBC}") = "Collections", "Collections\Collections.csproj", "{C448926F-29B6-4D9F-9850-13739C28142C}"
EndProject
Project("{FAE04EC0-301F-11D3-BF4B-00C04F79EFBC}") = "Exceptions", "Exceptions\Exceptions.csproj", "{CF71D1FD-5340-448A-B1A5-EB8D4F15BB53}"
EndProject
Project("{FAE04EC0-301F-11D3-BF4B-00C04F79EFBC}") = "Generics", "Generics\Generics.csproj", "{EE842D84-9DC1-430C-8B5D-8E49796A9918}"
EndProject
Project("{FAE04EC0-301F-11D3-BF4B-00C04F79EFBC}") = "Attributes", "Attributes\Attributes.csproj", "{071F35C0-F027-4F70-8F58-E7A485E0B6E7}"
EndProject
Project("{FAE04EC0-301F-11D3-BF4B-00C04F79EFBC}") = "Reflections", "Reflections\Reflections.csproj", "{103F740D-8B2A-49BD-93D6-3DF4BF584D23}"
EndProject
Project("{FAE04EC0-301F-11D3-BF4B-00C04F79EFBC}") = "Delegates", "Delegates\Delegates.csproj", "{592DFC81-EF21-4464-BC8A-393BB19CCD83}"
EndProject
Project("{FAE04EC0-301F-11D3-BF4B-00C04F79EFBC}") = "Events", "Events\Events.csproj", "{AB2D8989-7F80-4405-A9E1-8C4371C89D75}"
EndProject
Project("{FAE04EC0-301F-11D3-BF4B-00C04F79EFBC}") = "Singleton", "Singleton\Singleton.csproj", "{E7431772-01A0-4FA4-8C2E-FAC893990BE1}"
EndProject
Project("{FAE04EC0-301F-11D3-BF4B-00C04F79EFBC}") = "FactoryMethod", "FactoryMethod\FactoryMethod.csproj", "{401823DA-C946-4D6B-8B8F-F5C1A24C9B81}"
EndProject
Project("{FAE04EC0-301F-11D3-BF4B-00C04F79EFBC}") = "AbstractFactory", "AbstractFactory\AbstractFactory.csproj", "{0CF17101-45B5-430A-9A14-CBCBF1D27C14}"
EndProject
Project("{FAE04EC0-301F-11D3-BF4B-00C04F79EFBC}") = "Prototype", "Prototype\Prototype.csproj", "{A823C6ED-BF3D-4A12-A6D2-E365C3FFF2DD}"
EndProject
Project("{FAE04EC0-301F-11D3-BF4B-00C04F79EFBC}") = "Builder", "Builder\Builder.csproj", "{CDD50D19-D078-4BA0-BAF3-8824B1F339EE}"
EndProject
Project("{FAE04EC0-301F-11D3-BF4B-00C04F79EFBC}") = "Facade", "Facade\Facade.csproj", "{61BE2711-CE6B-4327-BC3D-5385951B8695}"
EndProject
Project("{FAE04EC0-301F-11D3-BF4B-00C04F79EFBC}") = "Adapter", "Adapter\Adapter.csproj", "{30E367DB-6D26-4769-9259-DBB165301598}"
EndProject
Project("{FAE04EC0-301F-11D3-BF4B-00C04F79EFBC}") = "Composite", "Composite\Composite.csproj", "{6BA7D2AC-1880-40B8-8D89-3CA093FACF95}"
EndProject
Project("{FAE04EC0-301F-11D3-BF4B-00C04F79EFBC}") = "Proxy", "Proxy\Proxy.csproj", "{13CC36F5-F91B-46B6-A5F9-5537E81CE909}"
EndProject
Project("{FAE04EC0-301F-11D3-BF4B-00C04F79EFBC}") = "Decorator", "Decorator\Decorator.csproj", "{16A57624-0BFB-492C-A69A-40BF47427100}"
EndProject
Project("{FAE04EC0-301F-11D3-BF4B-00C04F79EFBC}") = "Bridge", "Bridge\Bridge.csproj", "{4ADBF11F-75BD-4AC8-AAEA-A112136323FE}"
EndProject
Project("{FAE04EC0-301F-11D3-BF4B-00C04F79EFBC}") = "Strategy", "Strategy\Strategy.csproj", "{CA16AFDE-3629-4615-ACDB-56BBA8A2BA06}"
EndProject
Project("{FAE04EC0-301F-11D3-BF4B-00C04F79EFBC}") = "Observer", "Observer\Observer.csproj", "{D9FB4B08-81B7-4574-A5F4-0C490FEDBE88}"
EndProject
Project("{FAE04EC0-301F-11D3-BF4B-00C04F79EFBC}") = "ChainOfReponsibility", "ChainOfReponsibility\ChainOfReponsibility.csproj", "{6E3A3F5F-14D0-4D70-B0D5-A1417DAF2A74}"
EndProject
Project("{FAE04EC0-301F-11D3-BF4B-00C04F79EFBC}") = "Memento", "Memento\Memento.csproj", "{F055990B-8141-432C-AAA9-ADCFBE1A03A1}"
EndProject
Project("{FAE04EC0-301F-11D3-BF4B-00C04F79EFBC}") = "TemplateMethod", "TemplateMethod\TemplateMethod.csproj", "{665E6202-0A6A-4EB1-86F2-D8DCE68824F2}"
EndProject
Project("{FAE04EC0-301F-11D3-BF4B-00C04F79EFBC}") = "State", "State\State.csproj", "{6D20DD6E-0BE8-4FAD-88A0-496ED959BFC3}"
EndProject
Project("{FAE04EC0-301F-11D3-BF4B-00C04F79EFBC}") = "Mediator", "Mediator\Mediator.csproj", "{5D5CC1AE-2D0F-4DCA-A1BA-6AA9A8838151}"
EndProject
Project("{FAE04EC0-301F-11D3-BF4B-00C04F79EFBC}") = "Command", "Command\Command.csproj", "{86D23197-D15E-4A73-8E71-60F52CCA800D}"
EndProject
Project("{FAE04EC0-301F-11D3-BF4B-00C04F79EFBC}") = "Visitor", "Visitor\Visitor.csproj", "{0B1745CD-85E6-49F9-93F5-5354E0A33D53}"
EndProject
Project("{FAE04EC0-301F-11D3-BF4B-00C04F79EFBC}") = "DependencyInjection", "DependencyInjection\DependencyInjection.csproj", "{D6D995D1-B225-49AC-B844-CFF7D859A5D3}"
EndProject
Project("{FAE04EC0-301F-11D3-BF4B-00C04F79EFBC}") = "NullObject", "NullObject\NullObject.csproj", "{CA8F51A3-BCA5-4557-8DF7-D2089E24C72D}"
EndProject
Project("{FAE04EC0-301F-11D3-BF4B-00C04F79EFBC}") = "Multiton", "Multiton\Multiton.csproj", "{7FB9E8CC-64B3-4716-8F10-DFD6F731D2E9}"
EndProject
Global
	GlobalSection(SolutionConfigurationPlatforms) = preSolution
		Debug|Any CPU = Debug|Any CPU
		Release|Any CPU = Release|Any CPU
	EndGlobalSection
	GlobalSection(ProjectConfigurationPlatforms) = postSolution
		{BF8B592B-47E3-4252-859A-458FC2FB2A02}.Debug|Any CPU.ActiveCfg = Debug|Any CPU
		{BF8B592B-47E3-4252-859A-458FC2FB2A02}.Debug|Any CPU.Build.0 = Debug|Any CPU
		{BF8B592B-47E3-4252-859A-458FC2FB2A02}.Release|Any CPU.ActiveCfg = Release|Any CPU
		{BF8B592B-47E3-4252-859A-458FC2FB2A02}.Release|Any CPU.Build.0 = Release|Any CPU
		{E08101F0-FE35-4733-81FD-EE14B1CF6210}.Debug|Any CPU.ActiveCfg = Debug|Any CPU
		{E08101F0-FE35-4733-81FD-EE14B1CF6210}.Debug|Any CPU.Build.0 = Debug|Any CPU
		{E08101F0-FE35-4733-81FD-EE14B1CF6210}.Release|Any CPU.ActiveCfg = Release|Any CPU
		{E08101F0-FE35-4733-81FD-EE14B1CF6210}.Release|Any CPU.Build.0 = Release|Any CPU
		{0D000DE8-59E8-4B90-9614-6EE1C75EE226}.Debug|Any CPU.ActiveCfg = Debug|Any CPU
		{0D000DE8-59E8-4B90-9614-6EE1C75EE226}.Debug|Any CPU.Build.0 = Debug|Any CPU
		{0D000DE8-59E8-4B90-9614-6EE1C75EE226}.Release|Any CPU.ActiveCfg = Release|Any CPU
		{0D000DE8-59E8-4B90-9614-6EE1C75EE226}.Release|Any CPU.Build.0 = Release|Any CPU
		{07565DDC-6C64-4E70-AD52-A0DCDFAA4397}.Debug|Any CPU.ActiveCfg = Debug|Any CPU
		{07565DDC-6C64-4E70-AD52-A0DCDFAA4397}.Debug|Any CPU.Build.0 = Debug|Any CPU
		{07565DDC-6C64-4E70-AD52-A0DCDFAA4397}.Release|Any CPU.ActiveCfg = Release|Any CPU
		{07565DDC-6C64-4E70-AD52-A0DCDFAA4397}.Release|Any CPU.Build.0 = Release|Any CPU
		{27042447-1CA2-4645-836A-D5F1DE2346EC}.Debug|Any CPU.ActiveCfg = Debug|Any CPU
		{27042447-1CA2-4645-836A-D5F1DE2346EC}.Debug|Any CPU.Build.0 = Debug|Any CPU
		{27042447-1CA2-4645-836A-D5F1DE2346EC}.Release|Any CPU.ActiveCfg = Release|Any CPU
		{27042447-1CA2-4645-836A-D5F1DE2346EC}.Release|Any CPU.Build.0 = Release|Any CPU
		{69C89468-1D4B-42C0-9500-5CC979F327D4}.Debug|Any CPU.ActiveCfg = Debug|Any CPU
		{69C89468-1D4B-42C0-9500-5CC979F327D4}.Debug|Any CPU.Build.0 = Debug|Any CPU
		{69C89468-1D4B-42C0-9500-5CC979F327D4}.Release|Any CPU.ActiveCfg = Release|Any CPU
		{69C89468-1D4B-42C0-9500-5CC979F327D4}.Release|Any CPU.Build.0 = Release|Any CPU
		{BBC1D7A3-1605-4683-97F6-567A490139FD}.Debug|Any CPU.ActiveCfg = Debug|Any CPU
		{BBC1D7A3-1605-4683-97F6-567A490139FD}.Debug|Any CPU.Build.0 = Debug|Any CPU
		{BBC1D7A3-1605-4683-97F6-567A490139FD}.Release|Any CPU.ActiveCfg = Release|Any CPU
		{BBC1D7A3-1605-4683-97F6-567A490139FD}.Release|Any CPU.Build.0 = Release|Any CPU
		{6C74F921-D046-4C48-B096-3A2809A45965}.Debug|Any CPU.ActiveCfg = Debug|Any CPU
		{6C74F921-D046-4C48-B096-3A2809A45965}.Debug|Any CPU.Build.0 = Debug|Any CPU
		{6C74F921-D046-4C48-B096-3A2809A45965}.Release|Any CPU.ActiveCfg = Release|Any CPU
		{6C74F921-D046-4C48-B096-3A2809A45965}.Release|Any CPU.Build.0 = Release|Any CPU
		{11866FDE-BF58-4722-9FDC-5506525012C7}.Debug|Any CPU.ActiveCfg = Debug|Any CPU
		{11866FDE-BF58-4722-9FDC-5506525012C7}.Debug|Any CPU.Build.0 = Debug|Any CPU
		{11866FDE-BF58-4722-9FDC-5506525012C7}.Release|Any CPU.ActiveCfg = Release|Any CPU
		{11866FDE-BF58-4722-9FDC-5506525012C7}.Release|Any CPU.Build.0 = Release|Any CPU
		{2B834B5E-1480-4B0B-A08A-CBF2003BAE47}.Debug|Any CPU.ActiveCfg = Debug|Any CPU
		{2B834B5E-1480-4B0B-A08A-CBF2003BAE47}.Debug|Any CPU.Build.0 = Debug|Any CPU
		{2B834B5E-1480-4B0B-A08A-CBF2003BAE47}.Release|Any CPU.ActiveCfg = Release|Any CPU
		{2B834B5E-1480-4B0B-A08A-CBF2003BAE47}.Release|Any CPU.Build.0 = Release|Any CPU
		{50FD1FFD-FFB9-4CD8-8C05-FCD416F9AD34}.Debug|Any CPU.ActiveCfg = Debug|Any CPU
		{50FD1FFD-FFB9-4CD8-8C05-FCD416F9AD34}.Debug|Any CPU.Build.0 = Debug|Any CPU
		{50FD1FFD-FFB9-4CD8-8C05-FCD416F9AD34}.Release|Any CPU.ActiveCfg = Release|Any CPU
		{50FD1FFD-FFB9-4CD8-8C05-FCD416F9AD34}.Release|Any CPU.Build.0 = Release|Any CPU
		{0D8D4130-7949-4DD3-AC67-55CF6B901BBF}.Debug|Any CPU.ActiveCfg = Debug|Any CPU
		{0D8D4130-7949-4DD3-AC67-55CF6B901BBF}.Debug|Any CPU.Build.0 = Debug|Any CPU
		{0D8D4130-7949-4DD3-AC67-55CF6B901BBF}.Release|Any CPU.ActiveCfg = Release|Any CPU
		{0D8D4130-7949-4DD3-AC67-55CF6B901BBF}.Release|Any CPU.Build.0 = Release|Any CPU
		{5910C32C-0773-4A24-BFF1-426C6F4EA882}.Debug|Any CPU.ActiveCfg = Debug|Any CPU
		{5910C32C-0773-4A24-BFF1-426C6F4EA882}.Debug|Any CPU.Build.0 = Debug|Any CPU
		{5910C32C-0773-4A24-BFF1-426C6F4EA882}.Release|Any CPU.ActiveCfg = Release|Any CPU
		{5910C32C-0773-4A24-BFF1-426C6F4EA882}.Release|Any CPU.Build.0 = Release|Any CPU
		{955FCEE4-5968-4074-93B7-D8D063B04C0B}.Debug|Any CPU.ActiveCfg = Debug|Any CPU
		{955FCEE4-5968-4074-93B7-D8D063B04C0B}.Debug|Any CPU.Build.0 = Debug|Any CPU
		{955FCEE4-5968-4074-93B7-D8D063B04C0B}.Release|Any CPU.ActiveCfg = Release|Any CPU
		{955FCEE4-5968-4074-93B7-D8D063B04C0B}.Release|Any CPU.Build.0 = Release|Any CPU
		{6D82A98C-256A-42C6-8717-B8CFF50AFB2D}.Debug|Any CPU.ActiveCfg = Debug|Any CPU
		{6D82A98C-256A-42C6-8717-B8CFF50AFB2D}.Debug|Any CPU.Build.0 = Debug|Any CPU
		{6D82A98C-256A-42C6-8717-B8CFF50AFB2D}.Release|Any CPU.ActiveCfg = Release|Any CPU
		{6D82A98C-256A-42C6-8717-B8CFF50AFB2D}.Release|Any CPU.Build.0 = Release|Any CPU
		{EC4C748C-6525-4DF2-B7F2-202BCA129EE1}.Debug|Any CPU.ActiveCfg = Debug|Any CPU
		{EC4C748C-6525-4DF2-B7F2-202BCA129EE1}.Debug|Any CPU.Build.0 = Debug|Any CPU
		{EC4C748C-6525-4DF2-B7F2-202BCA129EE1}.Release|Any CPU.ActiveCfg = Release|Any CPU
		{EC4C748C-6525-4DF2-B7F2-202BCA129EE1}.Release|Any CPU.Build.0 = Release|Any CPU
		{A642615F-AD91-4764-B0E9-C42278FABAD7}.Debug|Any CPU.ActiveCfg = Debug|Any CPU
		{A642615F-AD91-4764-B0E9-C42278FABAD7}.Debug|Any CPU.Build.0 = Debug|Any CPU
		{A642615F-AD91-4764-B0E9-C42278FABAD7}.Release|Any CPU.ActiveCfg = Release|Any CPU
		{A642615F-AD91-4764-B0E9-C42278FABAD7}.Release|Any CPU.Build.0 = Release|Any CPU
		{C448926F-29B6-4D9F-9850-13739C28142C}.Debug|Any CPU.ActiveCfg = Debug|Any CPU
		{C448926F-29B6-4D9F-9850-13739C28142C}.Debug|Any CPU.Build.0 = Debug|Any CPU
		{C448926F-29B6-4D9F-9850-13739C28142C}.Release|Any CPU.ActiveCfg = Release|Any CPU
		{C448926F-29B6-4D9F-9850-13739C28142C}.Release|Any CPU.Build.0 = Release|Any CPU
		{CF71D1FD-5340-448A-B1A5-EB8D4F15BB53}.Debug|Any CPU.ActiveCfg = Debug|Any CPU
		{CF71D1FD-5340-448A-B1A5-EB8D4F15BB53}.Debug|Any CPU.Build.0 = Debug|Any CPU
		{CF71D1FD-5340-448A-B1A5-EB8D4F15BB53}.Release|Any CPU.ActiveCfg = Release|Any CPU
		{CF71D1FD-5340-448A-B1A5-EB8D4F15BB53}.Release|Any CPU.Build.0 = Release|Any CPU
		{EE842D84-9DC1-430C-8B5D-8E49796A9918}.Debug|Any CPU.ActiveCfg = Debug|Any CPU
		{EE842D84-9DC1-430C-8B5D-8E49796A9918}.Debug|Any CPU.Build.0 = Debug|Any CPU
		{EE842D84-9DC1-430C-8B5D-8E49796A9918}.Release|Any CPU.ActiveCfg = Release|Any CPU
		{EE842D84-9DC1-430C-8B5D-8E49796A9918}.Release|Any CPU.Build.0 = Release|Any CPU
		{071F35C0-F027-4F70-8F58-E7A485E0B6E7}.Debug|Any CPU.ActiveCfg = Debug|Any CPU
		{071F35C0-F027-4F70-8F58-E7A485E0B6E7}.Debug|Any CPU.Build.0 = Debug|Any CPU
		{071F35C0-F027-4F70-8F58-E7A485E0B6E7}.Release|Any CPU.ActiveCfg = Release|Any CPU
		{071F35C0-F027-4F70-8F58-E7A485E0B6E7}.Release|Any CPU.Build.0 = Release|Any CPU
		{103F740D-8B2A-49BD-93D6-3DF4BF584D23}.Debug|Any CPU.ActiveCfg = Debug|Any CPU
		{103F740D-8B2A-49BD-93D6-3DF4BF584D23}.Debug|Any CPU.Build.0 = Debug|Any CPU
		{103F740D-8B2A-49BD-93D6-3DF4BF584D23}.Release|Any CPU.ActiveCfg = Release|Any CPU
		{103F740D-8B2A-49BD-93D6-3DF4BF584D23}.Release|Any CPU.Build.0 = Release|Any CPU
		{592DFC81-EF21-4464-BC8A-393BB19CCD83}.Debug|Any CPU.ActiveCfg = Debug|Any CPU
		{592DFC81-EF21-4464-BC8A-393BB19CCD83}.Debug|Any CPU.Build.0 = Debug|Any CPU
		{592DFC81-EF21-4464-BC8A-393BB19CCD83}.Release|Any CPU.ActiveCfg = Release|Any CPU
		{592DFC81-EF21-4464-BC8A-393BB19CCD83}.Release|Any CPU.Build.0 = Release|Any CPU
		{AB2D8989-7F80-4405-A9E1-8C4371C89D75}.Debug|Any CPU.ActiveCfg = Debug|Any CPU
		{AB2D8989-7F80-4405-A9E1-8C4371C89D75}.Debug|Any CPU.Build.0 = Debug|Any CPU
		{AB2D8989-7F80-4405-A9E1-8C4371C89D75}.Release|Any CPU.ActiveCfg = Release|Any CPU
		{AB2D8989-7F80-4405-A9E1-8C4371C89D75}.Release|Any CPU.Build.0 = Release|Any CPU
		{E7431772-01A0-4FA4-8C2E-FAC893990BE1}.Debug|Any CPU.ActiveCfg = Debug|Any CPU
		{E7431772-01A0-4FA4-8C2E-FAC893990BE1}.Debug|Any CPU.Build.0 = Debug|Any CPU
		{E7431772-01A0-4FA4-8C2E-FAC893990BE1}.Release|Any CPU.ActiveCfg = Release|Any CPU
		{E7431772-01A0-4FA4-8C2E-FAC893990BE1}.Release|Any CPU.Build.0 = Release|Any CPU
		{401823DA-C946-4D6B-8B8F-F5C1A24C9B81}.Debug|Any CPU.ActiveCfg = Debug|Any CPU
		{401823DA-C946-4D6B-8B8F-F5C1A24C9B81}.Debug|Any CPU.Build.0 = Debug|Any CPU
		{401823DA-C946-4D6B-8B8F-F5C1A24C9B81}.Release|Any CPU.ActiveCfg = Release|Any CPU
		{401823DA-C946-4D6B-8B8F-F5C1A24C9B81}.Release|Any CPU.Build.0 = Release|Any CPU
		{0CF17101-45B5-430A-9A14-CBCBF1D27C14}.Debug|Any CPU.ActiveCfg = Debug|Any CPU
		{0CF17101-45B5-430A-9A14-CBCBF1D27C14}.Debug|Any CPU.Build.0 = Debug|Any CPU
		{0CF17101-45B5-430A-9A14-CBCBF1D27C14}.Release|Any CPU.ActiveCfg = Release|Any CPU
		{0CF17101-45B5-430A-9A14-CBCBF1D27C14}.Release|Any CPU.Build.0 = Release|Any CPU
		{A823C6ED-BF3D-4A12-A6D2-E365C3FFF2DD}.Debug|Any CPU.ActiveCfg = Debug|Any CPU
		{A823C6ED-BF3D-4A12-A6D2-E365C3FFF2DD}.Debug|Any CPU.Build.0 = Debug|Any CPU
		{A823C6ED-BF3D-4A12-A6D2-E365C3FFF2DD}.Release|Any CPU.ActiveCfg = Release|Any CPU
		{A823C6ED-BF3D-4A12-A6D2-E365C3FFF2DD}.Release|Any CPU.Build.0 = Release|Any CPU
		{CDD50D19-D078-4BA0-BAF3-8824B1F339EE}.Debug|Any CPU.ActiveCfg = Debug|Any CPU
		{CDD50D19-D078-4BA0-BAF3-8824B1F339EE}.Debug|Any CPU.Build.0 = Debug|Any CPU
		{CDD50D19-D078-4BA0-BAF3-8824B1F339EE}.Release|Any CPU.ActiveCfg = Release|Any CPU
		{CDD50D19-D078-4BA0-BAF3-8824B1F339EE}.Release|Any CPU.Build.0 = Release|Any CPU
		{61BE2711-CE6B-4327-BC3D-5385951B8695}.Debug|Any CPU.ActiveCfg = Debug|Any CPU
		{61BE2711-CE6B-4327-BC3D-5385951B8695}.Debug|Any CPU.Build.0 = Debug|Any CPU
		{61BE2711-CE6B-4327-BC3D-5385951B8695}.Release|Any CPU.ActiveCfg = Release|Any CPU
		{61BE2711-CE6B-4327-BC3D-5385951B8695}.Release|Any CPU.Build.0 = Release|Any CPU
		{30E367DB-6D26-4769-9259-DBB165301598}.Debug|Any CPU.ActiveCfg = Debug|Any CPU
		{30E367DB-6D26-4769-9259-DBB165301598}.Debug|Any CPU.Build.0 = Debug|Any CPU
		{30E367DB-6D26-4769-9259-DBB165301598}.Release|Any CPU.ActiveCfg = Release|Any CPU
		{30E367DB-6D26-4769-9259-DBB165301598}.Release|Any CPU.Build.0 = Release|Any CPU
		{6BA7D2AC-1880-40B8-8D89-3CA093FACF95}.Debug|Any CPU.ActiveCfg = Debug|Any CPU
		{6BA7D2AC-1880-40B8-8D89-3CA093FACF95}.Debug|Any CPU.Build.0 = Debug|Any CPU
		{6BA7D2AC-1880-40B8-8D89-3CA093FACF95}.Release|Any CPU.ActiveCfg = Release|Any CPU
		{6BA7D2AC-1880-40B8-8D89-3CA093FACF95}.Release|Any CPU.Build.0 = Release|Any CPU
		{13CC36F5-F91B-46B6-A5F9-5537E81CE909}.Debug|Any CPU.ActiveCfg = Debug|Any CPU
		{13CC36F5-F91B-46B6-A5F9-5537E81CE909}.Debug|Any CPU.Build.0 = Debug|Any CPU
		{13CC36F5-F91B-46B6-A5F9-5537E81CE909}.Release|Any CPU.ActiveCfg = Release|Any CPU
		{13CC36F5-F91B-46B6-A5F9-5537E81CE909}.Release|Any CPU.Build.0 = Release|Any CPU
		{16A57624-0BFB-492C-A69A-40BF47427100}.Debug|Any CPU.ActiveCfg = Debug|Any CPU
		{16A57624-0BFB-492C-A69A-40BF47427100}.Debug|Any CPU.Build.0 = Debug|Any CPU
		{16A57624-0BFB-492C-A69A-40BF47427100}.Release|Any CPU.ActiveCfg = Release|Any CPU
		{16A57624-0BFB-492C-A69A-40BF47427100}.Release|Any CPU.Build.0 = Release|Any CPU
		{4ADBF11F-75BD-4AC8-AAEA-A112136323FE}.Debug|Any CPU.ActiveCfg = Debug|Any CPU
		{4ADBF11F-75BD-4AC8-AAEA-A112136323FE}.Debug|Any CPU.Build.0 = Debug|Any CPU
		{4ADBF11F-75BD-4AC8-AAEA-A112136323FE}.Release|Any CPU.ActiveCfg = Release|Any CPU
		{4ADBF11F-75BD-4AC8-AAEA-A112136323FE}.Release|Any CPU.Build.0 = Release|Any CPU
		{CA16AFDE-3629-4615-ACDB-56BBA8A2BA06}.Debug|Any CPU.ActiveCfg = Debug|Any CPU
		{CA16AFDE-3629-4615-ACDB-56BBA8A2BA06}.Debug|Any CPU.Build.0 = Debug|Any CPU
		{CA16AFDE-3629-4615-ACDB-56BBA8A2BA06}.Release|Any CPU.ActiveCfg = Release|Any CPU
		{CA16AFDE-3629-4615-ACDB-56BBA8A2BA06}.Release|Any CPU.Build.0 = Release|Any CPU
		{D9FB4B08-81B7-4574-A5F4-0C490FEDBE88}.Debug|Any CPU.ActiveCfg = Debug|Any CPU
		{D9FB4B08-81B7-4574-A5F4-0C490FEDBE88}.Debug|Any CPU.Build.0 = Debug|Any CPU
		{D9FB4B08-81B7-4574-A5F4-0C490FEDBE88}.Release|Any CPU.ActiveCfg = Release|Any CPU
		{D9FB4B08-81B7-4574-A5F4-0C490FEDBE88}.Release|Any CPU.Build.0 = Release|Any CPU
		{6E3A3F5F-14D0-4D70-B0D5-A1417DAF2A74}.Debug|Any CPU.ActiveCfg = Debug|Any CPU
		{6E3A3F5F-14D0-4D70-B0D5-A1417DAF2A74}.Debug|Any CPU.Build.0 = Debug|Any CPU
		{6E3A3F5F-14D0-4D70-B0D5-A1417DAF2A74}.Release|Any CPU.ActiveCfg = Release|Any CPU
		{6E3A3F5F-14D0-4D70-B0D5-A1417DAF2A74}.Release|Any CPU.Build.0 = Release|Any CPU
		{F055990B-8141-432C-AAA9-ADCFBE1A03A1}.Debug|Any CPU.ActiveCfg = Debug|Any CPU
		{F055990B-8141-432C-AAA9-ADCFBE1A03A1}.Debug|Any CPU.Build.0 = Debug|Any CPU
		{F055990B-8141-432C-AAA9-ADCFBE1A03A1}.Release|Any CPU.ActiveCfg = Release|Any CPU
		{F055990B-8141-432C-AAA9-ADCFBE1A03A1}.Release|Any CPU.Build.0 = Release|Any CPU
		{665E6202-0A6A-4EB1-86F2-D8DCE68824F2}.Debug|Any CPU.ActiveCfg = Debug|Any CPU
		{665E6202-0A6A-4EB1-86F2-D8DCE68824F2}.Debug|Any CPU.Build.0 = Debug|Any CPU
		{665E6202-0A6A-4EB1-86F2-D8DCE68824F2}.Release|Any CPU.ActiveCfg = Release|Any CPU
		{665E6202-0A6A-4EB1-86F2-D8DCE68824F2}.Release|Any CPU.Build.0 = Release|Any CPU
		{6D20DD6E-0BE8-4FAD-88A0-496ED959BFC3}.Debug|Any CPU.ActiveCfg = Debug|Any CPU
		{6D20DD6E-0BE8-4FAD-88A0-496ED959BFC3}.Debug|Any CPU.Build.0 = Debug|Any CPU
		{6D20DD6E-0BE8-4FAD-88A0-496ED959BFC3}.Release|Any CPU.ActiveCfg = Release|Any CPU
		{6D20DD6E-0BE8-4FAD-88A0-496ED959BFC3}.Release|Any CPU.Build.0 = Release|Any CPU
		{5D5CC1AE-2D0F-4DCA-A1BA-6AA9A8838151}.Debug|Any CPU.ActiveCfg = Debug|Any CPU
		{5D5CC1AE-2D0F-4DCA-A1BA-6AA9A8838151}.Debug|Any CPU.Build.0 = Debug|Any CPU
		{5D5CC1AE-2D0F-4DCA-A1BA-6AA9A8838151}.Release|Any CPU.ActiveCfg = Release|Any CPU
		{5D5CC1AE-2D0F-4DCA-A1BA-6AA9A8838151}.Release|Any CPU.Build.0 = Release|Any CPU
		{86D23197-D15E-4A73-8E71-60F52CCA800D}.Debug|Any CPU.ActiveCfg = Debug|Any CPU
		{86D23197-D15E-4A73-8E71-60F52CCA800D}.Debug|Any CPU.Build.0 = Debug|Any CPU
		{86D23197-D15E-4A73-8E71-60F52CCA800D}.Release|Any CPU.ActiveCfg = Release|Any CPU
		{86D23197-D15E-4A73-8E71-60F52CCA800D}.Release|Any CPU.Build.0 = Release|Any CPU
		{0B1745CD-85E6-49F9-93F5-5354E0A33D53}.Debug|Any CPU.ActiveCfg = Debug|Any CPU
		{0B1745CD-85E6-49F9-93F5-5354E0A33D53}.Debug|Any CPU.Build.0 = Debug|Any CPU
		{0B1745CD-85E6-49F9-93F5-5354E0A33D53}.Release|Any CPU.ActiveCfg = Release|Any CPU
		{0B1745CD-85E6-49F9-93F5-5354E0A33D53}.Release|Any CPU.Build.0 = Release|Any CPU
		{D6D995D1-B225-49AC-B844-CFF7D859A5D3}.Debug|Any CPU.ActiveCfg = Debug|Any CPU
		{D6D995D1-B225-49AC-B844-CFF7D859A5D3}.Debug|Any CPU.Build.0 = Debug|Any CPU
		{D6D995D1-B225-49AC-B844-CFF7D859A5D3}.Release|Any CPU.ActiveCfg = Release|Any CPU
		{D6D995D1-B225-49AC-B844-CFF7D859A5D3}.Release|Any CPU.Build.0 = Release|Any CPU
		{CA8F51A3-BCA5-4557-8DF7-D2089E24C72D}.Debug|Any CPU.ActiveCfg = Debug|Any CPU
		{CA8F51A3-BCA5-4557-8DF7-D2089E24C72D}.Debug|Any CPU.Build.0 = Debug|Any CPU
		{CA8F51A3-BCA5-4557-8DF7-D2089E24C72D}.Release|Any CPU.ActiveCfg = Release|Any CPU
		{CA8F51A3-BCA5-4557-8DF7-D2089E24C72D}.Release|Any CPU.Build.0 = Release|Any CPU
		{7FB9E8CC-64B3-4716-8F10-DFD6F731D2E9}.Debug|Any CPU.ActiveCfg = Debug|Any CPU
		{7FB9E8CC-64B3-4716-8F10-DFD6F731D2E9}.Debug|Any CPU.Build.0 = Debug|Any CPU
		{7FB9E8CC-64B3-4716-8F10-DFD6F731D2E9}.Release|Any CPU.ActiveCfg = Release|Any CPU
		{7FB9E8CC-64B3-4716-8F10-DFD6F731D2E9}.Release|Any CPU.Build.0 = Release|Any CPU
	EndGlobalSection
	GlobalSection(SolutionProperties) = preSolution
		HideSolutionNode = FALSE
	EndGlobalSection
	GlobalSection(ExtensibilityGlobals) = postSolution
		SolutionGuid = {64549C49-E380-4954-B949-A12D6F33E7AC}
	EndGlobalSection
EndGlobal
